// !$*UTF8*$!
{
	archiveVersion = 1;
	classes = {
	};
	objectVersion = 56;
	objects = {

/* Begin PBXBuildFile section */
		9D6434692C2EFBD700BCE2EB /* MockMeshyAPI.swift in Sources */ = {isa = PBXBuildFile; fileRef = 9D6434662C2EFB6B00BCE2EB /* MockMeshyAPI.swift */; };
		9D64346B2C2EFBE600BCE2EB /* MeshyAPI.swift in Sources */ = {isa = PBXBuildFile; fileRef = 9D64346A2C2EFBE600BCE2EB /* MeshyAPI.swift */; };
		9D64346F2C2EFDE500BCE2EB /* Generate3DModel.swift in Sources */ = {isa = PBXBuildFile; fileRef = 9D64346E2C2EFDE500BCE2EB /* Generate3DModel.swift */; };
		9D6434712C2EFDF700BCE2EB /* Model3DView.swift in Sources */ = {isa = PBXBuildFile; fileRef = 9D6434702C2EFDF700BCE2EB /* Model3DView.swift */; };
		9D740A712C2B42AE006FB176 /* README.md in Resources */ = {isa = PBXBuildFile; fileRef = 9D740A702C2B42AE006FB176 /* README.md */; };
		9D741F102C33033000DB5398 /* SceneDirectoryViewController.swift in Sources */ = {isa = PBXBuildFile; fileRef = 9D741F0F2C33033000DB5398 /* SceneDirectoryViewController.swift */; };
		9D741F122C3303B100DB5398 /* SceneDirectoryView.swift in Sources */ = {isa = PBXBuildFile; fileRef = 9D741F112C3303B100DB5398 /* SceneDirectoryView.swift */; };
		9D741F142C3303BD00DB5398 /* SceneItemView.swift in Sources */ = {isa = PBXBuildFile; fileRef = 9D741F132C3303BD00DB5398 /* SceneItemView.swift */; };
		9D741F162C33116600DB5398 /* ScenePickerViewController.swift in Sources */ = {isa = PBXBuildFile; fileRef = 9D741F152C33116600DB5398 /* ScenePickerViewController.swift */; };
		9D7BEF912C246F7E0096E5F3 /* ARViewController.swift in Sources */ = {isa = PBXBuildFile; fileRef = 9D7BEF902C246F7E0096E5F3 /* ARViewController.swift */; };
		9D7BEF952C246F900096E5F3 /* CompassView.swift in Sources */ = {isa = PBXBuildFile; fileRef = 9D7BEF942C246F900096E5F3 /* CompassView.swift */; };
		9D7BEF972C2471BA0096E5F3 /* ARSessionManager.swift in Sources */ = {isa = PBXBuildFile; fileRef = 9D7BEF962C2471BA0096E5F3 /* ARSessionManager.swift */; };
		9D7BEF992C2471D10096E5F3 /* ModelManager.swift in Sources */ = {isa = PBXBuildFile; fileRef = 9D7BEF982C2471D10096E5F3 /* ModelManager.swift */; };
		9D7BEF9B2C2471E70096E5F3 /* DocumentHandler.swift in Sources */ = {isa = PBXBuildFile; fileRef = 9D7BEF9A2C2471E70096E5F3 /* DocumentHandler.swift */; };
		9D825BE62C2F37AA00D644E5 /* FileItemView.swift in Sources */ = {isa = PBXBuildFile; fileRef = 9D825BE52C2F37AA00D644E5 /* FileItemView.swift */; };
		9D825BE92C2F3DCE00D644E5 /* ConfettiSwiftUI in Frameworks */ = {isa = PBXBuildFile; productRef = 9D825BE82C2F3DCE00D644E5 /* ConfettiSwiftUI */; };
		9D83AEEA2C2C6C1900830386 /* MenuViewController.swift in Sources */ = {isa = PBXBuildFile; fileRef = 9D83AEE92C2C6C1900830386 /* MenuViewController.swift */; };
		9D83AEEC2C2C6D2D00830386 /* MenuController.swift in Sources */ = {isa = PBXBuildFile; fileRef = 9D83AEEB2C2C6D2D00830386 /* MenuController.swift */; };
		9D83AEEE2C2C81E600830386 /* CustomTabBar.swift in Sources */ = {isa = PBXBuildFile; fileRef = 9D83AEED2C2C81E600830386 /* CustomTabBar.swift */; };
		9DA131612C25F79A005ED88D /* SCNNode+Extension.swift in Sources */ = {isa = PBXBuildFile; fileRef = 9DA131602C25F79A005ED88D /* SCNNode+Extension.swift */; };
		9DACDC922C2F019A00BC2DC3 /* Generate3DModel.swift in Sources */ = {isa = PBXBuildFile; fileRef = 9DACDC912C2F019A00BC2DC3 /* Generate3DModel.swift */; };
		9DACDC942C2F01B400BC2DC3 /* ModelDirectoryView.swift in Sources */ = {isa = PBXBuildFile; fileRef = 9DACDC932C2F01B400BC2DC3 /* ModelDirectoryView.swift */; };
		9DACDC962C2F01D900BC2DC3 /* MeshyAPI.swift in Sources */ = {isa = PBXBuildFile; fileRef = 9DACDC952C2F01D900BC2DC3 /* MeshyAPI.swift */; };
		9DACDC982C2F01F900BC2DC3 /* Model3DView.swift in Sources */ = {isa = PBXBuildFile; fileRef = 9DACDC972C2F01F900BC2DC3 /* Model3DView.swift */; };
		9DACDC9A2C2F02BE00BC2DC3 /* ThumbnailImageView.swift in Sources */ = {isa = PBXBuildFile; fileRef = 9DACDC992C2F02BE00BC2DC3 /* ThumbnailImageView.swift */; };
		9DACDC9E2C2F03E700BC2DC3 /* DocumentPickerTest.swift in Sources */ = {isa = PBXBuildFile; fileRef = 9DACDC9D2C2F03E700BC2DC3 /* DocumentPickerTest.swift */; };
		9DEACCF12C2378C200D99E5B /* usdzuploaderApp.swift in Sources */ = {isa = PBXBuildFile; fileRef = 9DEACCF02C2378C200D99E5B /* usdzuploaderApp.swift */; };
		9DEACCF32C2378C200D99E5B /* ContentView.swift in Sources */ = {isa = PBXBuildFile; fileRef = 9DEACCF22C2378C200D99E5B /* ContentView.swift */; };
		9DEACCF52C2378C300D99E5B /* Assets.xcassets in Resources */ = {isa = PBXBuildFile; fileRef = 9DEACCF42C2378C300D99E5B /* Assets.xcassets */; };
		9DEACCF82C2378C300D99E5B /* Preview Assets.xcassets in Resources */ = {isa = PBXBuildFile; fileRef = 9DEACCF72C2378C300D99E5B /* Preview Assets.xcassets */; };
		9DEACD022C2378C300D99E5B /* usdzuploaderTests.swift in Sources */ = {isa = PBXBuildFile; fileRef = 9DEACD012C2378C300D99E5B /* usdzuploaderTests.swift */; };
		9DEACD0C2C2378C300D99E5B /* usdzuploaderUITests.swift in Sources */ = {isa = PBXBuildFile; fileRef = 9DEACD0B2C2378C300D99E5B /* usdzuploaderUITests.swift */; };
		9DEACD0E2C2378C300D99E5B /* usdzuploaderUITestsLaunchTests.swift in Sources */ = {isa = PBXBuildFile; fileRef = 9DEACD0D2C2378C300D99E5B /* usdzuploaderUITestsLaunchTests.swift */; };
		9DEACD1C2C2379FA00D99E5B /* ARModelView.swift in Sources */ = {isa = PBXBuildFile; fileRef = 9DEACD1B2C2379FA00D99E5B /* ARModelView.swift */; };
/* End PBXBuildFile section */

/* Begin PBXContainerItemProxy section */
		9DEACCFE2C2378C300D99E5B /* PBXContainerItemProxy */ = {
			isa = PBXContainerItemProxy;
			containerPortal = 9DEACCE52C2378C200D99E5B /* Project object */;
			proxyType = 1;
			remoteGlobalIDString = 9DEACCEC2C2378C200D99E5B;
			remoteInfo = usdzuploader;
		};
		9DEACD082C2378C300D99E5B /* PBXContainerItemProxy */ = {
			isa = PBXContainerItemProxy;
			containerPortal = 9DEACCE52C2378C200D99E5B /* Project object */;
			proxyType = 1;
			remoteGlobalIDString = 9DEACCEC2C2378C200D99E5B;
			remoteInfo = usdzuploader;
		};
/* End PBXContainerItemProxy section */

/* Begin PBXFileReference section */
		9D6434662C2EFB6B00BCE2EB /* MockMeshyAPI.swift */ = {isa = PBXFileReference; lastKnownFileType = sourcecode.swift; path = MockMeshyAPI.swift; sourceTree = "<group>"; };
		9D64346A2C2EFBE600BCE2EB /* MeshyAPI.swift */ = {isa = PBXFileReference; lastKnownFileType = sourcecode.swift; path = MeshyAPI.swift; sourceTree = "<group>"; };
		9D64346E2C2EFDE500BCE2EB /* Generate3DModel.swift */ = {isa = PBXFileReference; lastKnownFileType = sourcecode.swift; path = Generate3DModel.swift; sourceTree = "<group>"; };
		9D6434702C2EFDF700BCE2EB /* Model3DView.swift */ = {isa = PBXFileReference; lastKnownFileType = sourcecode.swift; path = Model3DView.swift; sourceTree = "<group>"; };
		9D740A702C2B42AE006FB176 /* README.md */ = {isa = PBXFileReference; lastKnownFileType = net.daringfireball.markdown; path = README.md; sourceTree = "<group>"; };
		9D741F0F2C33033000DB5398 /* SceneDirectoryViewController.swift */ = {isa = PBXFileReference; lastKnownFileType = sourcecode.swift; path = SceneDirectoryViewController.swift; sourceTree = "<group>"; };
		9D741F112C3303B100DB5398 /* SceneDirectoryView.swift */ = {isa = PBXFileReference; lastKnownFileType = sourcecode.swift; path = SceneDirectoryView.swift; sourceTree = "<group>"; };
		9D741F132C3303BD00DB5398 /* SceneItemView.swift */ = {isa = PBXFileReference; lastKnownFileType = sourcecode.swift; path = SceneItemView.swift; sourceTree = "<group>"; };
		9D741F152C33116600DB5398 /* ScenePickerViewController.swift */ = {isa = PBXFileReference; lastKnownFileType = sourcecode.swift; path = ScenePickerViewController.swift; sourceTree = "<group>"; };
		9D7BEF902C246F7E0096E5F3 /* ARViewController.swift */ = {isa = PBXFileReference; lastKnownFileType = sourcecode.swift; path = ARViewController.swift; sourceTree = "<group>"; };
		9D7BEF942C246F900096E5F3 /* CompassView.swift */ = {isa = PBXFileReference; lastKnownFileType = sourcecode.swift; path = CompassView.swift; sourceTree = "<group>"; };
		9D7BEF962C2471BA0096E5F3 /* ARSessionManager.swift */ = {isa = PBXFileReference; lastKnownFileType = sourcecode.swift; path = ARSessionManager.swift; sourceTree = "<group>"; };
		9D7BEF982C2471D10096E5F3 /* ModelManager.swift */ = {isa = PBXFileReference; lastKnownFileType = sourcecode.swift; path = ModelManager.swift; sourceTree = "<group>"; };
		9D7BEF9A2C2471E70096E5F3 /* DocumentHandler.swift */ = {isa = PBXFileReference; lastKnownFileType = sourcecode.swift; path = DocumentHandler.swift; sourceTree = "<group>"; };
		9D825BE12C2F075300D644E5 /* usdzuploaderTests.xctestplan */ = {isa = PBXFileReference; lastKnownFileType = text; path = usdzuploaderTests.xctestplan; sourceTree = "<group>"; };
		9D825BE22C2F0DC300D644E5 /* usdzuploader.entitlements */ = {isa = PBXFileReference; lastKnownFileType = text.plist.entitlements; path = usdzuploader.entitlements; sourceTree = "<group>"; };
		9D825BE52C2F37AA00D644E5 /* FileItemView.swift */ = {isa = PBXFileReference; lastKnownFileType = sourcecode.swift; path = FileItemView.swift; sourceTree = "<group>"; };
		9D83AEE92C2C6C1900830386 /* MenuViewController.swift */ = {isa = PBXFileReference; lastKnownFileType = sourcecode.swift; path = MenuViewController.swift; sourceTree = "<group>"; };
		9D83AEEB2C2C6D2D00830386 /* MenuController.swift */ = {isa = PBXFileReference; lastKnownFileType = sourcecode.swift; path = MenuController.swift; sourceTree = "<group>"; };
		9D83AEED2C2C81E600830386 /* CustomTabBar.swift */ = {isa = PBXFileReference; lastKnownFileType = sourcecode.swift; path = CustomTabBar.swift; sourceTree = "<group>"; };
		9DA131602C25F79A005ED88D /* SCNNode+Extension.swift */ = {isa = PBXFileReference; lastKnownFileType = sourcecode.swift; path = "SCNNode+Extension.swift"; sourceTree = "<group>"; };
		9DACDC912C2F019A00BC2DC3 /* Generate3DModel.swift */ = {isa = PBXFileReference; lastKnownFileType = sourcecode.swift; path = Generate3DModel.swift; sourceTree = "<group>"; };
		9DACDC932C2F01B400BC2DC3 /* ModelDirectoryView.swift */ = {isa = PBXFileReference; lastKnownFileType = sourcecode.swift; path = ModelDirectoryView.swift; sourceTree = "<group>"; };
		9DACDC952C2F01D900BC2DC3 /* MeshyAPI.swift */ = {isa = PBXFileReference; lastKnownFileType = sourcecode.swift; path = MeshyAPI.swift; sourceTree = "<group>"; };
		9DACDC972C2F01F900BC2DC3 /* Model3DView.swift */ = {isa = PBXFileReference; lastKnownFileType = sourcecode.swift; path = Model3DView.swift; sourceTree = "<group>"; };
		9DACDC992C2F02BE00BC2DC3 /* ThumbnailImageView.swift */ = {isa = PBXFileReference; lastKnownFileType = sourcecode.swift; path = ThumbnailImageView.swift; sourceTree = "<group>"; };
		9DACDC9D2C2F03E700BC2DC3 /* DocumentPickerTest.swift */ = {isa = PBXFileReference; lastKnownFileType = sourcecode.swift; path = DocumentPickerTest.swift; sourceTree = "<group>"; };
		9DEACCED2C2378C200D99E5B /* usdzuploader.app */ = {isa = PBXFileReference; explicitFileType = wrapper.application; includeInIndex = 0; path = usdzuploader.app; sourceTree = BUILT_PRODUCTS_DIR; };
		9DEACCF02C2378C200D99E5B /* usdzuploaderApp.swift */ = {isa = PBXFileReference; lastKnownFileType = sourcecode.swift; path = usdzuploaderApp.swift; sourceTree = "<group>"; };
		9DEACCF22C2378C200D99E5B /* ContentView.swift */ = {isa = PBXFileReference; lastKnownFileType = sourcecode.swift; path = ContentView.swift; sourceTree = "<group>"; };
		9DEACCF42C2378C300D99E5B /* Assets.xcassets */ = {isa = PBXFileReference; lastKnownFileType = folder.assetcatalog; path = Assets.xcassets; sourceTree = "<group>"; };
		9DEACCF72C2378C300D99E5B /* Preview Assets.xcassets */ = {isa = PBXFileReference; lastKnownFileType = folder.assetcatalog; path = "Preview Assets.xcassets"; sourceTree = "<group>"; };
		9DEACCFD2C2378C300D99E5B /* usdzuploaderTests.xctest */ = {isa = PBXFileReference; explicitFileType = wrapper.cfbundle; includeInIndex = 0; path = usdzuploaderTests.xctest; sourceTree = BUILT_PRODUCTS_DIR; };
		9DEACD012C2378C300D99E5B /* usdzuploaderTests.swift */ = {isa = PBXFileReference; lastKnownFileType = sourcecode.swift; path = usdzuploaderTests.swift; sourceTree = "<group>"; };
		9DEACD072C2378C300D99E5B /* usdzuploaderUITests.xctest */ = {isa = PBXFileReference; explicitFileType = wrapper.cfbundle; includeInIndex = 0; path = usdzuploaderUITests.xctest; sourceTree = BUILT_PRODUCTS_DIR; };
		9DEACD0B2C2378C300D99E5B /* usdzuploaderUITests.swift */ = {isa = PBXFileReference; lastKnownFileType = sourcecode.swift; path = usdzuploaderUITests.swift; sourceTree = "<group>"; };
		9DEACD0D2C2378C300D99E5B /* usdzuploaderUITestsLaunchTests.swift */ = {isa = PBXFileReference; lastKnownFileType = sourcecode.swift; path = usdzuploaderUITestsLaunchTests.swift; sourceTree = "<group>"; };
		9DEACD1A2C23798200D99E5B /* Info.plist */ = {isa = PBXFileReference; lastKnownFileType = text.plist; path = Info.plist; sourceTree = "<group>"; };
		9DEACD1B2C2379FA00D99E5B /* ARModelView.swift */ = {isa = PBXFileReference; lastKnownFileType = sourcecode.swift; path = ARModelView.swift; sourceTree = "<group>"; };
		9DEACD1E2C23827700D99E5B /* Base */ = {isa = PBXFileReference; lastKnownFileType = text.plist.entitlements; name = Base; path = Base.lproj/YourApp.entitlements; sourceTree = "<group>"; };
/* End PBXFileReference section */

/* Begin PBXFrameworksBuildPhase section */
		9DEACCEA2C2378C200D99E5B /* Frameworks */ = {
			isa = PBXFrameworksBuildPhase;
			buildActionMask = 2147483647;
			files = (
				9D825BE92C2F3DCE00D644E5 /* ConfettiSwiftUI in Frameworks */,
			);
			runOnlyForDeploymentPostprocessing = 0;
		};
		9DEACCFA2C2378C300D99E5B /* Frameworks */ = {
			isa = PBXFrameworksBuildPhase;
			buildActionMask = 2147483647;
			files = (
			);
			runOnlyForDeploymentPostprocessing = 0;
		};
		9DEACD042C2378C300D99E5B /* Frameworks */ = {
			isa = PBXFrameworksBuildPhase;
			buildActionMask = 2147483647;
			files = (
			);
			runOnlyForDeploymentPostprocessing = 0;
		};
/* End PBXFrameworksBuildPhase section */

/* Begin PBXGroup section */
		9D741F0E2C33031100DB5398 /* Scene Directory */ = {
			isa = PBXGroup;
			children = (
				9D741F0F2C33033000DB5398 /* SceneDirectoryViewController.swift */,
				9D741F112C3303B100DB5398 /* SceneDirectoryView.swift */,
				9D741F132C3303BD00DB5398 /* SceneItemView.swift */,
				9D741F152C33116600DB5398 /* ScenePickerViewController.swift */,
			);
			path = "Scene Directory";
			sourceTree = "<group>";
		};
		9DACDC902C2F018E00BC2DC3 /* Meshy Model Generation */ = {
			isa = PBXGroup;
			children = (
				9DACDC912C2F019A00BC2DC3 /* Generate3DModel.swift */,
				9DACDC932C2F01B400BC2DC3 /* ModelDirectoryView.swift */,
				9DACDC952C2F01D900BC2DC3 /* MeshyAPI.swift */,
				9DACDC972C2F01F900BC2DC3 /* Model3DView.swift */,
				9DACDC992C2F02BE00BC2DC3 /* ThumbnailImageView.swift */,
				9D825BE52C2F37AA00D644E5 /* FileItemView.swift */,
			);
			path = "Meshy Model Generation";
			sourceTree = "<group>";
		};
		9DEACCE42C2378C200D99E5B = {
			isa = PBXGroup;
			children = (
				9D825BE12C2F075300D644E5 /* usdzuploaderTests.xctestplan */,
				9D740A702C2B42AE006FB176 /* README.md */,
				9DEACD1F2C23827700D99E5B /* YourApp.entitlements */,
				9D825BE22C2F0DC300D644E5 /* usdzuploader.entitlements */,
				9DEACCEF2C2378C200D99E5B /* usdzuploader */,
				9DEACD002C2378C300D99E5B /* usdzuploaderTests */,
				9DEACD0A2C2378C300D99E5B /* usdzuploaderUITests */,
				9DEACCEE2C2378C200D99E5B /* Products */,
			);
			sourceTree = "<group>";
		};
		9DEACCEE2C2378C200D99E5B /* Products */ = {
			isa = PBXGroup;
			children = (
				9DEACCED2C2378C200D99E5B /* usdzuploader.app */,
				9DEACCFD2C2378C300D99E5B /* usdzuploaderTests.xctest */,
				9DEACD072C2378C300D99E5B /* usdzuploaderUITests.xctest */,
			);
			name = Products;
			sourceTree = "<group>";
		};
		9DEACCEF2C2378C200D99E5B /* usdzuploader */ = {
			isa = PBXGroup;
			children = (
				9D741F0E2C33031100DB5398 /* Scene Directory */,
				9DACDC902C2F018E00BC2DC3 /* Meshy Model Generation */,
				9DEACD1A2C23798200D99E5B /* Info.plist */,
				9DEACCF02C2378C200D99E5B /* usdzuploaderApp.swift */,
				9DEACCF22C2378C200D99E5B /* ContentView.swift */,
				9DEACD1B2C2379FA00D99E5B /* ARModelView.swift */,
				9D7BEF902C246F7E0096E5F3 /* ARViewController.swift */,
				9D7BEF962C2471BA0096E5F3 /* ARSessionManager.swift */,
				9D7BEF942C246F900096E5F3 /* CompassView.swift */,
				9D7BEF982C2471D10096E5F3 /* ModelManager.swift */,
				9D7BEF9A2C2471E70096E5F3 /* DocumentHandler.swift */,
				9D83AEE92C2C6C1900830386 /* MenuViewController.swift */,
				9D83AEEB2C2C6D2D00830386 /* MenuController.swift */,
				9D83AEED2C2C81E600830386 /* CustomTabBar.swift */,
				9DA131602C25F79A005ED88D /* SCNNode+Extension.swift */,
				9DEACCF42C2378C300D99E5B /* Assets.xcassets */,
				9DEACCF62C2378C300D99E5B /* Preview Content */,
			);
			path = usdzuploader;
			sourceTree = "<group>";
		};
		9DEACCF62C2378C300D99E5B /* Preview Content */ = {
			isa = PBXGroup;
			children = (
				9DEACCF72C2378C300D99E5B /* Preview Assets.xcassets */,
			);
			path = "Preview Content";
			sourceTree = "<group>";
		};
		9DEACD002C2378C300D99E5B /* usdzuploaderTests */ = {
			isa = PBXGroup;
			children = (
				9D6434662C2EFB6B00BCE2EB /* MockMeshyAPI.swift */,
				9DEACD012C2378C300D99E5B /* usdzuploaderTests.swift */,
				9D64346A2C2EFBE600BCE2EB /* MeshyAPI.swift */,
				9D64346E2C2EFDE500BCE2EB /* Generate3DModel.swift */,
				9D6434702C2EFDF700BCE2EB /* Model3DView.swift */,
				9DACDC9D2C2F03E700BC2DC3 /* DocumentPickerTest.swift */,
			);
			path = usdzuploaderTests;
			sourceTree = "<group>";
		};
		9DEACD0A2C2378C300D99E5B /* usdzuploaderUITests */ = {
			isa = PBXGroup;
			children = (
				9DEACD0B2C2378C300D99E5B /* usdzuploaderUITests.swift */,
				9DEACD0D2C2378C300D99E5B /* usdzuploaderUITestsLaunchTests.swift */,
			);
			path = usdzuploaderUITests;
			sourceTree = "<group>";
		};
/* End PBXGroup section */

/* Begin PBXNativeTarget section */
		9DEACCEC2C2378C200D99E5B /* usdzuploader */ = {
			isa = PBXNativeTarget;
			buildConfigurationList = 9DEACD112C2378C300D99E5B /* Build configuration list for PBXNativeTarget "usdzuploader" */;
			buildPhases = (
				9DEACCE92C2378C200D99E5B /* Sources */,
				9DEACCEA2C2378C200D99E5B /* Frameworks */,
				9DEACCEB2C2378C200D99E5B /* Resources */,
			);
			buildRules = (
			);
			dependencies = (
			);
			name = usdzuploader;
			packageProductDependencies = (
				9D825BE82C2F3DCE00D644E5 /* ConfettiSwiftUI */,
			);
			productName = usdzuploader;
			productReference = 9DEACCED2C2378C200D99E5B /* usdzuploader.app */;
			productType = "com.apple.product-type.application";
		};
		9DEACCFC2C2378C300D99E5B /* usdzuploaderTests */ = {
			isa = PBXNativeTarget;
			buildConfigurationList = 9DEACD142C2378C300D99E5B /* Build configuration list for PBXNativeTarget "usdzuploaderTests" */;
			buildPhases = (
				9DEACCF92C2378C300D99E5B /* Sources */,
				9DEACCFA2C2378C300D99E5B /* Frameworks */,
				9DEACCFB2C2378C300D99E5B /* Resources */,
			);
			buildRules = (
			);
			dependencies = (
				9DEACCFF2C2378C300D99E5B /* PBXTargetDependency */,
			);
			name = usdzuploaderTests;
			productName = usdzuploaderTests;
			productReference = 9DEACCFD2C2378C300D99E5B /* usdzuploaderTests.xctest */;
			productType = "com.apple.product-type.bundle.unit-test";
		};
		9DEACD062C2378C300D99E5B /* usdzuploaderUITests */ = {
			isa = PBXNativeTarget;
			buildConfigurationList = 9DEACD172C2378C300D99E5B /* Build configuration list for PBXNativeTarget "usdzuploaderUITests" */;
			buildPhases = (
				9DEACD032C2378C300D99E5B /* Sources */,
				9DEACD042C2378C300D99E5B /* Frameworks */,
				9DEACD052C2378C300D99E5B /* Resources */,
			);
			buildRules = (
			);
			dependencies = (
				9DEACD092C2378C300D99E5B /* PBXTargetDependency */,
			);
			name = usdzuploaderUITests;
			productName = usdzuploaderUITests;
			productReference = 9DEACD072C2378C300D99E5B /* usdzuploaderUITests.xctest */;
			productType = "com.apple.product-type.bundle.ui-testing";
		};
/* End PBXNativeTarget section */

/* Begin PBXProject section */
		9DEACCE52C2378C200D99E5B /* Project object */ = {
			isa = PBXProject;
			attributes = {
				BuildIndependentTargetsInParallel = 1;
				LastSwiftUpdateCheck = 1540;
				LastUpgradeCheck = 1540;
				TargetAttributes = {
					9DEACCEC2C2378C200D99E5B = {
						CreatedOnToolsVersion = 15.4;
					};
					9DEACCFC2C2378C300D99E5B = {
						CreatedOnToolsVersion = 15.4;
						TestTargetID = 9DEACCEC2C2378C200D99E5B;
					};
					9DEACD062C2378C300D99E5B = {
						CreatedOnToolsVersion = 15.4;
					};
				};
			};
			buildConfigurationList = 9DEACCE82C2378C200D99E5B /* Build configuration list for PBXProject "usdzuploader" */;
			compatibilityVersion = "Xcode 14.0";
			developmentRegion = en;
			hasScannedForEncodings = 0;
			knownRegions = (
				en,
				Base,
			);
			mainGroup = 9DEACCE42C2378C200D99E5B;
			packageReferences = (
				9D825BE72C2F3DCE00D644E5 /* XCRemoteSwiftPackageReference "ConfettiSwiftUI" */,
			);
			productRefGroup = 9DEACCEE2C2378C200D99E5B /* Products */;
			projectDirPath = "";
			projectRoot = "";
			targets = (
				9DEACCEC2C2378C200D99E5B /* usdzuploader */,
				9DEACCFC2C2378C300D99E5B /* usdzuploaderTests */,
				9DEACD062C2378C300D99E5B /* usdzuploaderUITests */,
			);
		};
/* End PBXProject section */

/* Begin PBXResourcesBuildPhase section */
		9DEACCEB2C2378C200D99E5B /* Resources */ = {
			isa = PBXResourcesBuildPhase;
			buildActionMask = 2147483647;
			files = (
				9D740A712C2B42AE006FB176 /* README.md in Resources */,
				9DEACCF82C2378C300D99E5B /* Preview Assets.xcassets in Resources */,
				9DEACCF52C2378C300D99E5B /* Assets.xcassets in Resources */,
			);
			runOnlyForDeploymentPostprocessing = 0;
		};
		9DEACCFB2C2378C300D99E5B /* Resources */ = {
			isa = PBXResourcesBuildPhase;
			buildActionMask = 2147483647;
			files = (
			);
			runOnlyForDeploymentPostprocessing = 0;
		};
		9DEACD052C2378C300D99E5B /* Resources */ = {
			isa = PBXResourcesBuildPhase;
			buildActionMask = 2147483647;
			files = (
			);
			runOnlyForDeploymentPostprocessing = 0;
		};
/* End PBXResourcesBuildPhase section */

/* Begin PBXSourcesBuildPhase section */
		9DEACCE92C2378C200D99E5B /* Sources */ = {
			isa = PBXSourcesBuildPhase;
			buildActionMask = 2147483647;
			files = (
				9DEACCF32C2378C200D99E5B /* ContentView.swift in Sources */,
				9D741F102C33033000DB5398 /* SceneDirectoryViewController.swift in Sources */,
				9DACDC942C2F01B400BC2DC3 /* ModelDirectoryView.swift in Sources */,
				9D741F142C3303BD00DB5398 /* SceneItemView.swift in Sources */,
				9DEACD1C2C2379FA00D99E5B /* ARModelView.swift in Sources */,
				9D825BE62C2F37AA00D644E5 /* FileItemView.swift in Sources */,
				9D741F122C3303B100DB5398 /* SceneDirectoryView.swift in Sources */,
				9D7BEF952C246F900096E5F3 /* CompassView.swift in Sources */,
				9D7BEF992C2471D10096E5F3 /* ModelManager.swift in Sources */,
				9D83AEEE2C2C81E600830386 /* CustomTabBar.swift in Sources */,
				9DACDC962C2F01D900BC2DC3 /* MeshyAPI.swift in Sources */,
				9D741F162C33116600DB5398 /* ScenePickerViewController.swift in Sources */,
				9D83AEEA2C2C6C1900830386 /* MenuViewController.swift in Sources */,
				9D83AEEC2C2C6D2D00830386 /* MenuController.swift in Sources */,
				9DEACCF12C2378C200D99E5B /* usdzuploaderApp.swift in Sources */,
				9DACDC922C2F019A00BC2DC3 /* Generate3DModel.swift in Sources */,
				9D7BEF9B2C2471E70096E5F3 /* DocumentHandler.swift in Sources */,
				9D7BEF912C246F7E0096E5F3 /* ARViewController.swift in Sources */,
				9DACDC982C2F01F900BC2DC3 /* Model3DView.swift in Sources */,
				9DA131612C25F79A005ED88D /* SCNNode+Extension.swift in Sources */,
				9DACDC9A2C2F02BE00BC2DC3 /* ThumbnailImageView.swift in Sources */,
				9D7BEF972C2471BA0096E5F3 /* ARSessionManager.swift in Sources */,
			);
			runOnlyForDeploymentPostprocessing = 0;
		};
		9DEACCF92C2378C300D99E5B /* Sources */ = {
			isa = PBXSourcesBuildPhase;
			buildActionMask = 2147483647;
			files = (
				9DACDC9E2C2F03E700BC2DC3 /* DocumentPickerTest.swift in Sources */,
				9DEACD022C2378C300D99E5B /* usdzuploaderTests.swift in Sources */,
				9D6434692C2EFBD700BCE2EB /* MockMeshyAPI.swift in Sources */,
				9D6434712C2EFDF700BCE2EB /* Model3DView.swift in Sources */,
				9D64346B2C2EFBE600BCE2EB /* MeshyAPI.swift in Sources */,
				9D64346F2C2EFDE500BCE2EB /* Generate3DModel.swift in Sources */,
			);
			runOnlyForDeploymentPostprocessing = 0;
		};
		9DEACD032C2378C300D99E5B /* Sources */ = {
			isa = PBXSourcesBuildPhase;
			buildActionMask = 2147483647;
			files = (
				9DEACD0E2C2378C300D99E5B /* usdzuploaderUITestsLaunchTests.swift in Sources */,
				9DEACD0C2C2378C300D99E5B /* usdzuploaderUITests.swift in Sources */,
			);
			runOnlyForDeploymentPostprocessing = 0;
		};
/* End PBXSourcesBuildPhase section */

/* Begin PBXTargetDependency section */
		9DEACCFF2C2378C300D99E5B /* PBXTargetDependency */ = {
			isa = PBXTargetDependency;
			target = 9DEACCEC2C2378C200D99E5B /* usdzuploader */;
			targetProxy = 9DEACCFE2C2378C300D99E5B /* PBXContainerItemProxy */;
		};
		9DEACD092C2378C300D99E5B /* PBXTargetDependency */ = {
			isa = PBXTargetDependency;
			target = 9DEACCEC2C2378C200D99E5B /* usdzuploader */;
			targetProxy = 9DEACD082C2378C300D99E5B /* PBXContainerItemProxy */;
		};
/* End PBXTargetDependency section */

/* Begin PBXVariantGroup section */
		9DEACD1F2C23827700D99E5B /* YourApp.entitlements */ = {
			isa = PBXVariantGroup;
			children = (
				9DEACD1E2C23827700D99E5B /* Base */,
			);
			name = YourApp.entitlements;
			sourceTree = "<group>";
		};
/* End PBXVariantGroup section */

/* Begin XCBuildConfiguration section */
		9DEACD0F2C2378C300D99E5B /* Debug */ = {
			isa = XCBuildConfiguration;
			buildSettings = {
				ALWAYS_SEARCH_USER_PATHS = NO;
				ASSETCATALOG_COMPILER_GENERATE_SWIFT_ASSET_SYMBOL_EXTENSIONS = YES;
				CLANG_ANALYZER_NONNULL = YES;
				CLANG_ANALYZER_NUMBER_OBJECT_CONVERSION = YES_AGGRESSIVE;
				CLANG_CXX_LANGUAGE_STANDARD = "gnu++20";
				CLANG_ENABLE_MODULES = YES;
				CLANG_ENABLE_OBJC_ARC = YES;
				CLANG_ENABLE_OBJC_WEAK = YES;
				CLANG_WARN_BLOCK_CAPTURE_AUTORELEASING = YES;
				CLANG_WARN_BOOL_CONVERSION = YES;
				CLANG_WARN_COMMA = YES;
				CLANG_WARN_CONSTANT_CONVERSION = YES;
				CLANG_WARN_DEPRECATED_OBJC_IMPLEMENTATIONS = YES;
				CLANG_WARN_DIRECT_OBJC_ISA_USAGE = YES_ERROR;
				CLANG_WARN_DOCUMENTATION_COMMENTS = YES;
				CLANG_WARN_EMPTY_BODY = YES;
				CLANG_WARN_ENUM_CONVERSION = YES;
				CLANG_WARN_INFINITE_RECURSION = YES;
				CLANG_WARN_INT_CONVERSION = YES;
				CLANG_WARN_NON_LITERAL_NULL_CONVERSION = YES;
				CLANG_WARN_OBJC_IMPLICIT_RETAIN_SELF = YES;
				CLANG_WARN_OBJC_LITERAL_CONVERSION = YES;
				CLANG_WARN_OBJC_ROOT_CLASS = YES_ERROR;
				CLANG_WARN_QUOTED_INCLUDE_IN_FRAMEWORK_HEADER = YES;
				CLANG_WARN_RANGE_LOOP_ANALYSIS = YES;
				CLANG_WARN_STRICT_PROTOTYPES = YES;
				CLANG_WARN_SUSPICIOUS_MOVE = YES;
				CLANG_WARN_UNGUARDED_AVAILABILITY = YES_AGGRESSIVE;
				CLANG_WARN_UNREACHABLE_CODE = YES;
				CLANG_WARN__DUPLICATE_METHOD_MATCH = YES;
				COPY_PHASE_STRIP = NO;
				DEBUG_INFORMATION_FORMAT = dwarf;
				ENABLE_STRICT_OBJC_MSGSEND = YES;
				ENABLE_TESTABILITY = YES;
				ENABLE_USER_SCRIPT_SANDBOXING = YES;
				GCC_C_LANGUAGE_STANDARD = gnu17;
				GCC_DYNAMIC_NO_PIC = NO;
				GCC_NO_COMMON_BLOCKS = YES;
				GCC_OPTIMIZATION_LEVEL = 0;
				GCC_PREPROCESSOR_DEFINITIONS = (
					"DEBUG=1",
					"$(inherited)",
				);
				GCC_WARN_64_TO_32_BIT_CONVERSION = YES;
				GCC_WARN_ABOUT_RETURN_TYPE = YES_ERROR;
				GCC_WARN_UNDECLARED_SELECTOR = YES;
				GCC_WARN_UNINITIALIZED_AUTOS = YES_AGGRESSIVE;
				GCC_WARN_UNUSED_FUNCTION = YES;
				GCC_WARN_UNUSED_VARIABLE = YES;
				IPHONEOS_DEPLOYMENT_TARGET = 17.5;
				LOCALIZATION_PREFERS_STRING_CATALOGS = YES;
				MTL_ENABLE_DEBUG_INFO = INCLUDE_SOURCE;
				MTL_FAST_MATH = YES;
				ONLY_ACTIVE_ARCH = YES;
				SDKROOT = iphoneos;
				SWIFT_ACTIVE_COMPILATION_CONDITIONS = "DEBUG $(inherited)";
				SWIFT_OPTIMIZATION_LEVEL = "-Onone";
			};
			name = Debug;
		};
		9DEACD102C2378C300D99E5B /* Release */ = {
			isa = XCBuildConfiguration;
			buildSettings = {
				ALWAYS_SEARCH_USER_PATHS = NO;
				ASSETCATALOG_COMPILER_GENERATE_SWIFT_ASSET_SYMBOL_EXTENSIONS = YES;
				CLANG_ANALYZER_NONNULL = YES;
				CLANG_ANALYZER_NUMBER_OBJECT_CONVERSION = YES_AGGRESSIVE;
				CLANG_CXX_LANGUAGE_STANDARD = "gnu++20";
				CLANG_ENABLE_MODULES = YES;
				CLANG_ENABLE_OBJC_ARC = YES;
				CLANG_ENABLE_OBJC_WEAK = YES;
				CLANG_WARN_BLOCK_CAPTURE_AUTORELEASING = YES;
				CLANG_WARN_BOOL_CONVERSION = YES;
				CLANG_WARN_COMMA = YES;
				CLANG_WARN_CONSTANT_CONVERSION = YES;
				CLANG_WARN_DEPRECATED_OBJC_IMPLEMENTATIONS = YES;
				CLANG_WARN_DIRECT_OBJC_ISA_USAGE = YES_ERROR;
				CLANG_WARN_DOCUMENTATION_COMMENTS = YES;
				CLANG_WARN_EMPTY_BODY = YES;
				CLANG_WARN_ENUM_CONVERSION = YES;
				CLANG_WARN_INFINITE_RECURSION = YES;
				CLANG_WARN_INT_CONVERSION = YES;
				CLANG_WARN_NON_LITERAL_NULL_CONVERSION = YES;
				CLANG_WARN_OBJC_IMPLICIT_RETAIN_SELF = YES;
				CLANG_WARN_OBJC_LITERAL_CONVERSION = YES;
				CLANG_WARN_OBJC_ROOT_CLASS = YES_ERROR;
				CLANG_WARN_QUOTED_INCLUDE_IN_FRAMEWORK_HEADER = YES;
				CLANG_WARN_RANGE_LOOP_ANALYSIS = YES;
				CLANG_WARN_STRICT_PROTOTYPES = YES;
				CLANG_WARN_SUSPICIOUS_MOVE = YES;
				CLANG_WARN_UNGUARDED_AVAILABILITY = YES_AGGRESSIVE;
				CLANG_WARN_UNREACHABLE_CODE = YES;
				CLANG_WARN__DUPLICATE_METHOD_MATCH = YES;
				COPY_PHASE_STRIP = NO;
				DEBUG_INFORMATION_FORMAT = "dwarf-with-dsym";
				ENABLE_NS_ASSERTIONS = YES;
				ENABLE_STRICT_OBJC_MSGSEND = YES;
				ENABLE_TESTABILITY = YES;
				ENABLE_USER_SCRIPT_SANDBOXING = YES;
				GCC_C_LANGUAGE_STANDARD = gnu17;
				GCC_NO_COMMON_BLOCKS = YES;
				GCC_WARN_64_TO_32_BIT_CONVERSION = YES;
				GCC_WARN_ABOUT_RETURN_TYPE = YES_ERROR;
				GCC_WARN_UNDECLARED_SELECTOR = YES;
				GCC_WARN_UNINITIALIZED_AUTOS = YES_AGGRESSIVE;
				GCC_WARN_UNUSED_FUNCTION = YES;
				GCC_WARN_UNUSED_VARIABLE = YES;
				IPHONEOS_DEPLOYMENT_TARGET = 17.5;
				LOCALIZATION_PREFERS_STRING_CATALOGS = YES;
				MTL_ENABLE_DEBUG_INFO = INCLUDE_SOURCE;
				MTL_FAST_MATH = YES;
				ONLY_ACTIVE_ARCH = YES;
				SDKROOT = iphoneos;
				SWIFT_COMPILATION_MODE = wholemodule;
				VALIDATE_PRODUCT = YES;
			};
			name = Release;
		};
		9DEACD122C2378C300D99E5B /* Debug */ = {
			isa = XCBuildConfiguration;
			buildSettings = {
				ASSETCATALOG_COMPILER_APPICON_NAME = AppIcon;
				ASSETCATALOG_COMPILER_GLOBAL_ACCENT_COLOR_NAME = AccentColor;
				CODE_SIGN_STYLE = Automatic;
				CURRENT_PROJECT_VERSION = 1;
				DEVELOPMENT_ASSET_PATHS = "\"usdzuploader/Preview Content\"";
				DEVELOPMENT_TEAM = 835ZVTYDD9;
				ENABLE_PREVIEWS = YES;
				GENERATE_INFOPLIST_FILE = YES;
				INFOPLIST_FILE = usdzuploader/Info.plist;
				INFOPLIST_KEY_LSApplicationCategoryType = "";
				INFOPLIST_KEY_NSCameraUsageDescription = "This app uses your camera to display 3D models.";
				INFOPLIST_KEY_UIApplicationSceneManifest_Generation = YES;
				INFOPLIST_KEY_UIApplicationSupportsIndirectInputEvents = YES;
				INFOPLIST_KEY_UILaunchScreen_Generation = YES;
				INFOPLIST_KEY_UISupportedInterfaceOrientations_iPad = "UIInterfaceOrientationPortrait UIInterfaceOrientationPortraitUpsideDown UIInterfaceOrientationLandscapeLeft UIInterfaceOrientationLandscapeRight";
				INFOPLIST_KEY_UISupportedInterfaceOrientations_iPhone = "UIInterfaceOrientationPortrait UIInterfaceOrientationLandscapeLeft UIInterfaceOrientationLandscapeRight";
				LD_RUNPATH_SEARCH_PATHS = (
					"$(inherited)",
					"@executable_path/Frameworks",
				);
				MARKETING_VERSION = 1.0;
				PRODUCT_BUNDLE_IDENTIFIER = com.sparshkapoor.usdzuploader;
				PRODUCT_NAME = "$(TARGET_NAME)";
				SWIFT_EMIT_LOC_STRINGS = YES;
				SWIFT_VERSION = 5.0;
				TARGETED_DEVICE_FAMILY = "1,2";
			};
			name = Debug;
		};
		9DEACD132C2378C300D99E5B /* Release */ = {
			isa = XCBuildConfiguration;
			buildSettings = {
				ASSETCATALOG_COMPILER_APPICON_NAME = AppIcon;
				ASSETCATALOG_COMPILER_GLOBAL_ACCENT_COLOR_NAME = AccentColor;
				CODE_SIGN_STYLE = Automatic;
				CURRENT_PROJECT_VERSION = 1;
				DEVELOPMENT_ASSET_PATHS = "\"usdzuploader/Preview Content\"";
				DEVELOPMENT_TEAM = 835ZVTYDD9;
				ENABLE_PREVIEWS = YES;
				GENERATE_INFOPLIST_FILE = YES;
				INFOPLIST_FILE = usdzuploader/Info.plist;
				INFOPLIST_KEY_LSApplicationCategoryType = "";
				INFOPLIST_KEY_NSCameraUsageDescription = "This app uses your camera to display 3D models.";
				INFOPLIST_KEY_UIApplicationSceneManifest_Generation = YES;
				INFOPLIST_KEY_UIApplicationSupportsIndirectInputEvents = YES;
				INFOPLIST_KEY_UILaunchScreen_Generation = YES;
				INFOPLIST_KEY_UISupportedInterfaceOrientations_iPad = "UIInterfaceOrientationPortrait UIInterfaceOrientationPortraitUpsideDown UIInterfaceOrientationLandscapeLeft UIInterfaceOrientationLandscapeRight";
				INFOPLIST_KEY_UISupportedInterfaceOrientations_iPhone = "UIInterfaceOrientationPortrait UIInterfaceOrientationLandscapeLeft UIInterfaceOrientationLandscapeRight";
				LD_RUNPATH_SEARCH_PATHS = (
					"$(inherited)",
					"@executable_path/Frameworks",
				);
				MARKETING_VERSION = 1.0;
				PRODUCT_BUNDLE_IDENTIFIER = com.sparshkapoor.usdzuploader;
				PRODUCT_NAME = "$(TARGET_NAME)";
				SWIFT_EMIT_LOC_STRINGS = YES;
				SWIFT_VERSION = 5.0;
				TARGETED_DEVICE_FAMILY = "1,2";
			};
			name = Release;
		};
		9DEACD152C2378C300D99E5B /* Debug */ = {
			isa = XCBuildConfiguration;
			buildSettings = {
				ALWAYS_EMBED_SWIFT_STANDARD_LIBRARIES = YES;
				BUNDLE_LOADER = "$(TEST_HOST)";
				CODE_SIGN_STYLE = Automatic;
				CURRENT_PROJECT_VERSION = 1;
				DEVELOPMENT_TEAM = 835ZVTYDD9;
				GENERATE_INFOPLIST_FILE = YES;
				IPHONEOS_DEPLOYMENT_TARGET = 17.5;
				MARKETING_VERSION = 1.0;
				PRODUCT_BUNDLE_IDENTIFIER = com.sparshkapoor.usdzuploaderTests;
				PRODUCT_NAME = "$(TARGET_NAME)";
				SWIFT_EMIT_LOC_STRINGS = NO;
				SWIFT_VERSION = 5.0;
				TARGETED_DEVICE_FAMILY = "1,2";
				TEST_HOST = "$(BUILT_PRODUCTS_DIR)/usdzuploader.app/$(BUNDLE_EXECUTABLE_FOLDER_PATH)/usdzuploader";
			};
			name = Debug;
		};
		9DEACD162C2378C300D99E5B /* Release */ = {
			isa = XCBuildConfiguration;
			buildSettings = {
				ALWAYS_EMBED_SWIFT_STANDARD_LIBRARIES = YES;
				BUNDLE_LOADER = "$(TEST_HOST)";
				CODE_SIGN_STYLE = Automatic;
				CURRENT_PROJECT_VERSION = 1;
				DEVELOPMENT_TEAM = 835ZVTYDD9;
				GENERATE_INFOPLIST_FILE = YES;
				IPHONEOS_DEPLOYMENT_TARGET = 17.5;
				MARKETING_VERSION = 1.0;
				PRODUCT_BUNDLE_IDENTIFIER = com.sparshkapoor.usdzuploaderTests;
				PRODUCT_NAME = "$(TARGET_NAME)";
				SWIFT_EMIT_LOC_STRINGS = NO;
				SWIFT_VERSION = 5.0;
				TARGETED_DEVICE_FAMILY = "1,2";
				TEST_HOST = "$(BUILT_PRODUCTS_DIR)/usdzuploader.app/$(BUNDLE_EXECUTABLE_FOLDER_PATH)/usdzuploader";
			};
			name = Release;
		};
		9DEACD182C2378C300D99E5B /* Debug */ = {
			isa = XCBuildConfiguration;
			buildSettings = {
				ALWAYS_EMBED_SWIFT_STANDARD_LIBRARIES = YES;
				CODE_SIGN_STYLE = Automatic;
				CURRENT_PROJECT_VERSION = 1;
				DEVELOPMENT_TEAM = 835ZVTYDD9;
				GENERATE_INFOPLIST_FILE = YES;
				MARKETING_VERSION = 1.0;
				PRODUCT_BUNDLE_IDENTIFIER = com.sparshkapoor.usdzuploaderUITests;
				PRODUCT_NAME = "$(TARGET_NAME)";
				PROVISIONING_PROFILE = "";
				SWIFT_EMIT_LOC_STRINGS = NO;
				SWIFT_VERSION = 5.0;
				TARGETED_DEVICE_FAMILY = "1,2";
			};
			name = Debug;
		};
		9DEACD192C2378C300D99E5B /* Release */ = {
			isa = XCBuildConfiguration;
			buildSettings = {
				ALWAYS_EMBED_SWIFT_STANDARD_LIBRARIES = YES;
				CODE_SIGN_STYLE = Automatic;
				CURRENT_PROJECT_VERSION = 1;
				DEVELOPMENT_TEAM = 835ZVTYDD9;
				GENERATE_INFOPLIST_FILE = YES;
				MARKETING_VERSION = 1.0;
				PRODUCT_BUNDLE_IDENTIFIER = com.sparshkapoor.usdzuploaderUITests;
				PRODUCT_NAME = "$(TARGET_NAME)";
				PROVISIONING_PROFILE = "";
				SWIFT_EMIT_LOC_STRINGS = NO;
				SWIFT_VERSION = 5.0;
				TARGETED_DEVICE_FAMILY = "1,2";
			};
			name = Release;
		};
/* End XCBuildConfiguration section */

/* Begin XCConfigurationList section */
		9DEACCE82C2378C200D99E5B /* Build configuration list for PBXProject "usdzuploader" */ = {
			isa = XCConfigurationList;
			buildConfigurations = (
				9DEACD0F2C2378C300D99E5B /* Debug */,
				9DEACD102C2378C300D99E5B /* Release */,
			);
			defaultConfigurationIsVisible = 0;
			defaultConfigurationName = Release;
		};
		9DEACD112C2378C300D99E5B /* Build configuration list for PBXNativeTarget "usdzuploader" */ = {
			isa = XCConfigurationList;
			buildConfigurations = (
				9DEACD122C2378C300D99E5B /* Debug */,
				9DEACD132C2378C300D99E5B /* Release */,
			);
			defaultConfigurationIsVisible = 0;
			defaultConfigurationName = Release;
		};
		9DEACD142C2378C300D99E5B /* Build configuration list for PBXNativeTarget "usdzuploaderTests" */ = {
			isa = XCConfigurationList;
			buildConfigurations = (
				9DEACD152C2378C300D99E5B /* Debug */,
				9DEACD162C2378C300D99E5B /* Release */,
			);
			defaultConfigurationIsVisible = 0;
			defaultConfigurationName = Release;
		};
		9DEACD172C2378C300D99E5B /* Build configuration list for PBXNativeTarget "usdzuploaderUITests" */ = {
			isa = XCConfigurationList;
			buildConfigurations = (
				9DEACD182C2378C300D99E5B /* Debug */,
				9DEACD192C2378C300D99E5B /* Release */,
			);
			defaultConfigurationIsVisible = 0;
			defaultConfigurationName = Release;
		};
/* End XCConfigurationList section */

/* Begin XCRemoteSwiftPackageReference section */
		9D825BE72C2F3DCE00D644E5 /* XCRemoteSwiftPackageReference "ConfettiSwiftUI" */ = {
			isa = XCRemoteSwiftPackageReference;
			repositoryURL = "https://github.com/simibac/ConfettiSwiftUI";
			requirement = {
				kind = upToNextMajorVersion;
				minimumVersion = 1.1.0;
			};
		};
/* End XCRemoteSwiftPackageReference section */

/* Begin XCSwiftPackageProductDependency section */
		9D825BE82C2F3DCE00D644E5 /* ConfettiSwiftUI */ = {
			isa = XCSwiftPackageProductDependency;
			package = 9D825BE72C2F3DCE00D644E5 /* XCRemoteSwiftPackageReference "ConfettiSwiftUI" */;
			productName = ConfettiSwiftUI;
		};
/* End XCSwiftPackageProductDependency section */
	};
	rootObject = 9DEACCE52C2378C200D99E5B /* Project object */;
}
